
Microsoft Visual Studio Solution File, Format Version 12.00
# Visual Studio Version 17
VisualStudioVersion = 17.4.33110.190
MinimumVisualStudioVersion = 10.0.40219.1
Project("{FAE04EC0-301F-11D3-BF4B-00C04F79EFBC}") = "CashControl", "CashControl\CashControl.csproj", "{AF7541ED-7807-4691-B62D-2549BC48790D}"
EndProject
Global
	GlobalSection(SolutionConfigurationPlatforms) = preSolution
		Debug|Any CPU = Debug|Any CPU
		Release|Any CPU = Release|Any CPU
	EndGlobalSection
	GlobalSection(ProjectConfigurationPlatforms) = postSolution
		{AF7541ED-7807-4691-B62D-2549BC48790D}.Debug|Any CPU.ActiveCfg = Debug|Any CPU
		{AF7541ED-7807-4691-B62D-2549BC48790D}.Debug|Any CPU.Build.0 = Debug|Any CPU
		{AF7541ED-7807-4691-B62D-2549BC48790D}.Release|Any CPU.ActiveCfg = Release|Any CPU
		{AF7541ED-7807-4691-B62D-2549BC48790D}.Release|Any CPU.Build.0 = Release|Any CPU
	EndGlobalSection
	GlobalSection(SolutionProperties) = preSolution
		HideSolutionNode = FALSE
	EndGlobalSection
	GlobalSection(ExtensibilityGlobals) = postSolution
		SolutionGuid = {7380E994-4DD9-48FB-92FC-6C198A96882D}
	EndGlobalSection
EndGlobal
